
Microsoft Visual Studio Solution File, Format Version 12.00
# Visual Studio Version 16
VisualStudioVersion = 16.0.28917.182
MinimumVisualStudioVersion = 10.0.40219.1
Project("{9A19103F-16F7-4668-BE54-9A1E7A4F7556}") = "Arctium", "Arctium\Arctium.csproj", "{743055C2-E01B-409E-AC73-38C9EB48ED03}"
EndProject
Project("{9A19103F-16F7-4668-BE54-9A1E7A4F7556}") = "Arctium.Connection", "Arctium.Connection\Arctium.Connection.csproj", "{18BBFE7D-6F60-4A9D-9910-54C4DD124E36}"
EndProject
Project("{9A19103F-16F7-4668-BE54-9A1E7A4F7556}") = "Arctium.Cryptography", "Arctium.Cryptography\Arctium.Cryptography.csproj", "{5B070346-35AE-4DA3-89C7-29226FDAF826}"
EndProject
Project("{9A19103F-16F7-4668-BE54-9A1E7A4F7556}") = "DEBUG_ConsoleApplicationForTests", "DEBUG_ConsoleApplicationForTests\DEBUG_ConsoleApplicationForTests.csproj", "{C8E5D3DF-1134-4D5D-9AE0-FFAECC97CC0B}"
EndProject
Project("{9A19103F-16F7-4668-BE54-9A1E7A4F7556}") = "Arctium.Shared", "Arctium.Shared\Arctium.Shared.csproj", "{F113A724-8496-4940-A563-05487A765DBE}"
EndProject
Project("{9A19103F-16F7-4668-BE54-9A1E7A4F7556}") = "Arctium.Standards", "Arctium.Standards\Arctium.Standards.csproj", "{401149C1-36AC-4130-ACB9-7EF599FB895D}"
EndProject
Project("{2150E333-8FDC-42A3-9474-1A3956D46DE8}") = "Tests", "Tests", "{FD65799B-9506-4DE5-B4C4-E5539834106E}"
EndProject
Project("{9A19103F-16F7-4668-BE54-9A1E7A4F7556}") = "Arctium.Tests.RunTests", "Arctium.Tests.RunTests\Arctium.Tests.RunTests.csproj", "{353D9BD1-1070-43E1-A1FA-E9604A23FD79}"
EndProject
Project("{9A19103F-16F7-4668-BE54-9A1E7A4F7556}") = "Arctium.Tests.Cryptography", "Arctium.Tests.Cryptography\Arctium.Tests.Cryptography.csproj", "{16B29278-B967-4073-89D5-C96141F1522E}"
EndProject
Project("{9A19103F-16F7-4668-BE54-9A1E7A4F7556}") = "Arctium.Tests.Core", "Arctium.Tests.Core\Arctium.Tests.Core.csproj", "{2D915473-A811-49D1-9B83-F29994759E7E}"
EndProject
Global
	GlobalSection(SolutionConfigurationPlatforms) = preSolution
		Debug|Any CPU = Debug|Any CPU
		Release|Any CPU = Release|Any CPU
	EndGlobalSection
	GlobalSection(ProjectConfigurationPlatforms) = postSolution
		{743055C2-E01B-409E-AC73-38C9EB48ED03}.Debug|Any CPU.ActiveCfg = Debug|Any CPU
		{743055C2-E01B-409E-AC73-38C9EB48ED03}.Debug|Any CPU.Build.0 = Debug|Any CPU
		{743055C2-E01B-409E-AC73-38C9EB48ED03}.Release|Any CPU.ActiveCfg = Release|Any CPU
		{743055C2-E01B-409E-AC73-38C9EB48ED03}.Release|Any CPU.Build.0 = Release|Any CPU
		{18BBFE7D-6F60-4A9D-9910-54C4DD124E36}.Debug|Any CPU.ActiveCfg = Debug|Any CPU
		{18BBFE7D-6F60-4A9D-9910-54C4DD124E36}.Debug|Any CPU.Build.0 = Debug|Any CPU
		{18BBFE7D-6F60-4A9D-9910-54C4DD124E36}.Release|Any CPU.ActiveCfg = Release|Any CPU
		{18BBFE7D-6F60-4A9D-9910-54C4DD124E36}.Release|Any CPU.Build.0 = Release|Any CPU
		{5B070346-35AE-4DA3-89C7-29226FDAF826}.Debug|Any CPU.ActiveCfg = Debug|Any CPU
		{5B070346-35AE-4DA3-89C7-29226FDAF826}.Debug|Any CPU.Build.0 = Debug|Any CPU
		{5B070346-35AE-4DA3-89C7-29226FDAF826}.Release|Any CPU.ActiveCfg = Release|Any CPU
		{5B070346-35AE-4DA3-89C7-29226FDAF826}.Release|Any CPU.Build.0 = Release|Any CPU
		{C8E5D3DF-1134-4D5D-9AE0-FFAECC97CC0B}.Debug|Any CPU.ActiveCfg = Debug|Any CPU
		{C8E5D3DF-1134-4D5D-9AE0-FFAECC97CC0B}.Debug|Any CPU.Build.0 = Debug|Any CPU
		{C8E5D3DF-1134-4D5D-9AE0-FFAECC97CC0B}.Release|Any CPU.ActiveCfg = Release|Any CPU
		{C8E5D3DF-1134-4D5D-9AE0-FFAECC97CC0B}.Release|Any CPU.Build.0 = Release|Any CPU
		{F113A724-8496-4940-A563-05487A765DBE}.Debug|Any CPU.ActiveCfg = Debug|Any CPU
		{F113A724-8496-4940-A563-05487A765DBE}.Debug|Any CPU.Build.0 = Debug|Any CPU
		{F113A724-8496-4940-A563-05487A765DBE}.Release|Any CPU.ActiveCfg = Release|Any CPU
		{F113A724-8496-4940-A563-05487A765DBE}.Release|Any CPU.Build.0 = Release|Any CPU
		{401149C1-36AC-4130-ACB9-7EF599FB895D}.Debug|Any CPU.ActiveCfg = Debug|Any CPU
		{401149C1-36AC-4130-ACB9-7EF599FB895D}.Debug|Any CPU.Build.0 = Debug|Any CPU
		{401149C1-36AC-4130-ACB9-7EF599FB895D}.Release|Any CPU.ActiveCfg = Release|Any CPU
		{401149C1-36AC-4130-ACB9-7EF599FB895D}.Release|Any CPU.Build.0 = Release|Any CPU
		{353D9BD1-1070-43E1-A1FA-E9604A23FD79}.Debug|Any CPU.ActiveCfg = Debug|Any CPU
		{353D9BD1-1070-43E1-A1FA-E9604A23FD79}.Debug|Any CPU.Build.0 = Debug|Any CPU
		{353D9BD1-1070-43E1-A1FA-E9604A23FD79}.Release|Any CPU.ActiveCfg = Release|Any CPU
		{353D9BD1-1070-43E1-A1FA-E9604A23FD79}.Release|Any CPU.Build.0 = Release|Any CPU
		{16B29278-B967-4073-89D5-C96141F1522E}.Debug|Any CPU.ActiveCfg = Debug|Any CPU
		{16B29278-B967-4073-89D5-C96141F1522E}.Debug|Any CPU.Build.0 = Debug|Any CPU
		{16B29278-B967-4073-89D5-C96141F1522E}.Release|Any CPU.ActiveCfg = Release|Any CPU
		{16B29278-B967-4073-89D5-C96141F1522E}.Release|Any CPU.Build.0 = Release|Any CPU
		{2D915473-A811-49D1-9B83-F29994759E7E}.Debug|Any CPU.ActiveCfg = Debug|Any CPU
		{2D915473-A811-49D1-9B83-F29994759E7E}.Debug|Any CPU.Build.0 = Debug|Any CPU
		{2D915473-A811-49D1-9B83-F29994759E7E}.Release|Any CPU.ActiveCfg = Release|Any CPU
		{2D915473-A811-49D1-9B83-F29994759E7E}.Release|Any CPU.Build.0 = Release|Any CPU
	EndGlobalSection
	GlobalSection(SolutionProperties) = preSolution
		HideSolutionNode = FALSE
	EndGlobalSection
	GlobalSection(NestedProjects) = preSolution
		{353D9BD1-1070-43E1-A1FA-E9604A23FD79} = {FD65799B-9506-4DE5-B4C4-E5539834106E}
		{16B29278-B967-4073-89D5-C96141F1522E} = {FD65799B-9506-4DE5-B4C4-E5539834106E}
		{2D915473-A811-49D1-9B83-F29994759E7E} = {FD65799B-9506-4DE5-B4C4-E5539834106E}
	EndGlobalSection
	GlobalSection(ExtensibilityGlobals) = postSolution
		SolutionGuid = {84BC876F-085F-432A-8A53-53C7B55C0D4A}
	EndGlobalSection
EndGlobal
