
Microsoft Visual Studio Solution File, Format Version 12.00
# Visual Studio Version 17
VisualStudioVersion = 17.0.32126.317
MinimumVisualStudioVersion = 10.0.40219.1
Project("{9A19103F-16F7-4668-BE54-9A1E7A4F7556}") = "ConsoleAppTest", "ConsoleAppTest\ConsoleAppTest.csproj", "{4F420B82-40C9-46C5-928C-8B91AE6E667D}"
EndProject
Project("{FAE04EC0-301F-11D3-BF4B-00C04F79EFBC}") = "Arctium", "Arctium\Arctium.csproj", "{0BEF5F13-976C-4A9E-B305-56EC8839FDA5}"
EndProject
Global
	GlobalSection(SolutionConfigurationPlatforms) = preSolution
		Debug|Any CPU = Debug|Any CPU
		Debug|x86 = Debug|x86
		Release|Any CPU = Release|Any CPU
		Release|x86 = Release|x86
	EndGlobalSection
	GlobalSection(ProjectConfigurationPlatforms) = postSolution
		{4F420B82-40C9-46C5-928C-8B91AE6E667D}.Debug|Any CPU.ActiveCfg = Debug|Any CPU
		{4F420B82-40C9-46C5-928C-8B91AE6E667D}.Debug|Any CPU.Build.0 = Debug|Any CPU
		{4F420B82-40C9-46C5-928C-8B91AE6E667D}.Debug|x86.ActiveCfg = Debug|Any CPU
		{4F420B82-40C9-46C5-928C-8B91AE6E667D}.Debug|x86.Build.0 = Debug|Any CPU
		{4F420B82-40C9-46C5-928C-8B91AE6E667D}.Release|Any CPU.ActiveCfg = Release|Any CPU
		{4F420B82-40C9-46C5-928C-8B91AE6E667D}.Release|Any CPU.Build.0 = Release|Any CPU
		{4F420B82-40C9-46C5-928C-8B91AE6E667D}.Release|x86.ActiveCfg = Release|Any CPU
		{4F420B82-40C9-46C5-928C-8B91AE6E667D}.Release|x86.Build.0 = Release|Any CPU
		{0BEF5F13-976C-4A9E-B305-56EC8839FDA5}.Debug|Any CPU.ActiveCfg = Debug|Any CPU
		{0BEF5F13-976C-4A9E-B305-56EC8839FDA5}.Debug|Any CPU.Build.0 = Debug|Any CPU
		{0BEF5F13-976C-4A9E-B305-56EC8839FDA5}.Debug|x86.ActiveCfg = Debug|Any CPU
		{0BEF5F13-976C-4A9E-B305-56EC8839FDA5}.Debug|x86.Build.0 = Debug|Any CPU
		{0BEF5F13-976C-4A9E-B305-56EC8839FDA5}.Release|Any CPU.ActiveCfg = Release|Any CPU
		{0BEF5F13-976C-4A9E-B305-56EC8839FDA5}.Release|Any CPU.Build.0 = Release|Any CPU
		{0BEF5F13-976C-4A9E-B305-56EC8839FDA5}.Release|x86.ActiveCfg = Release|Any CPU
		{0BEF5F13-976C-4A9E-B305-56EC8839FDA5}.Release|x86.Build.0 = Release|Any CPU
	EndGlobalSection
	GlobalSection(SolutionProperties) = preSolution
		HideSolutionNode = FALSE
	EndGlobalSection
	GlobalSection(ExtensibilityGlobals) = postSolution
		SolutionGuid = {84BC876F-085F-432A-8A53-53C7B55C0D4A}
	EndGlobalSection
EndGlobal
